{
  "version": 4,
  "terraform_version": "1.14.5",
  "serial": 28,
  "lineage": "e37a1d86-af2a-2afe-82f0-254d08efe76e",
  "outputs": {},
  "resources": [
    {
      "module": "module.vpc.module.vpc",
      "mode": "managed",
      "type": "aws_vpc",
      "name": "this",
      "provider": "provider[\"registry.terraform.io/hashicorp/aws\"]",
      "instances": [
        {
          "index_key": 0,
          "schema_version": 1,
          "attributes": {
            "arn": "arn:aws:ec2:eu-north-1:181728646118:vpc/vpc-0c4c5e52b87988fb3",
            "assign_generated_ipv6_cidr_block": false,
            "cidr_block": "10.0.0.0/16",
            "default_network_acl_id": "acl-0088edfc70f7737c2",
            "default_route_table_id": "rtb-0aa3af3751d971d84",
            "default_security_group_id": "sg-0f4bdd9cc8ae32496",
            "dhcp_options_id": "dopt-0ea7777c36171a094",
            "enable_dns_hostnames": true,
            "enable_dns_support": true,
            "enable_network_address_usage_metrics": false,
            "id": "vpc-0c4c5e52b87988fb3",
            "instance_tenancy": "default",
            "ipv4_ipam_pool_id": null,
            "ipv4_netmask_length": null,
            "ipv6_association_id": "",
            "ipv6_cidr_block": "",
            "ipv6_cidr_block_network_border_group": "",
            "ipv6_ipam_pool_id": "",
            "ipv6_netmask_length": 0,
            "main_route_table_id": "rtb-0aa3af3751d971d84",
            "owner_id": "181728646118",
            "tags": {
              "Environment": "dev",
              "Name": "ai-selfhealing-vpc-dev",
              "Project": "ai-selfhealing"
            },
            "tags_all": {
              "Environment": "dev",
              "Name": "ai-selfhealing-vpc-dev",
              "Project": "ai-selfhealing"
            }
          },
          "sensitive_attributes": [],
          "identity_schema_version": 0,
          "private": "eyJzY2hlbWFfdmVyc2lvbiI6IjEifQ==",
          "create_before_destroy": true
        }
      ]
    }
  ],
  "check_results": [
    {
      "object_kind": "var",
      "config_addr": "module.eks.module.eks.module.self_managed_node_group.var.platform",
      "status": "unknown",
      "objects": null
    },
    {
      "object_kind": "resource",
      "config_addr": "module.eks.module.eks.module.self_managed_node_group.module.user_data.null_resource.validate_cluster_service_cidr",
      "status": "unknown",
      "objects": null
    },
    {
      "object_kind": "resource",
      "config_addr": "module.eks.module.eks.module.eks_managed_node_group.module.user_data.null_resource.validate_cluster_service_cidr",
      "status": "unknown",
      "objects": null
    }
  ]
}
